
Microsoft Visual Studio Solution File, Format Version 12.00
# Visual Studio Version 16
VisualStudioVersion = 16.0.29201.188
MinimumVisualStudioVersion = 10.0.40219.1
Project("{9A19103F-16F7-4668-BE54-9A1E7A4F7556}") = "UOW.Repository", "UOW.Repository\UOW.Repository.csproj", "{65F27F11-1775-497D-900E-B2AD7F09C63F}"
EndProject
Project("{FAE04EC0-301F-11D3-BF4B-00C04F79EFBC}") = "UOW.Sevice", "UOW.Sevice\UOW.Sevice.csproj", "{8B4D35A6-058A-4E14-A59C-DF08FD794CD9}"
EndProject
Project("{FAE04EC0-301F-11D3-BF4B-00C04F79EFBC}") = "UOW.Model", "UOW.Model\UOW.Model.csproj", "{5A87E93E-1CA6-4F91-A72A-B0A54D9BEC45}"
EndProject
Project("{FAE04EC0-301F-11D3-BF4B-00C04F79EFBC}") = "UWO.API", "UWO.API\UWO.API.csproj", "{20F36388-4221-4F0E-B189-43D52529372F}"
EndProject
Project("{FAE04EC0-301F-11D3-BF4B-00C04F79EFBC}") = "UOW.DAL", "UOW.DAL\UOW.DAL.csproj", "{0A033A3A-9EC0-4BB3-A6AD-57A39DC30328}"
EndProject
Global
	GlobalSection(SolutionConfigurationPlatforms) = preSolution
		Debug|Any CPU = Debug|Any CPU
		Release|Any CPU = Release|Any CPU
	EndGlobalSection
	GlobalSection(ProjectConfigurationPlatforms) = postSolution
		{65F27F11-1775-497D-900E-B2AD7F09C63F}.Debug|Any CPU.ActiveCfg = Debug|Any CPU
		{65F27F11-1775-497D-900E-B2AD7F09C63F}.Debug|Any CPU.Build.0 = Debug|Any CPU
		{65F27F11-1775-497D-900E-B2AD7F09C63F}.Release|Any CPU.ActiveCfg = Release|Any CPU
		{65F27F11-1775-497D-900E-B2AD7F09C63F}.Release|Any CPU.Build.0 = Release|Any CPU
		{8B4D35A6-058A-4E14-A59C-DF08FD794CD9}.Debug|Any CPU.ActiveCfg = Debug|Any CPU
		{8B4D35A6-058A-4E14-A59C-DF08FD794CD9}.Debug|Any CPU.Build.0 = Debug|Any CPU
		{8B4D35A6-058A-4E14-A59C-DF08FD794CD9}.Release|Any CPU.ActiveCfg = Release|Any CPU
		{8B4D35A6-058A-4E14-A59C-DF08FD794CD9}.Release|Any CPU.Build.0 = Release|Any CPU
		{5A87E93E-1CA6-4F91-A72A-B0A54D9BEC45}.Debug|Any CPU.ActiveCfg = Debug|Any CPU
		{5A87E93E-1CA6-4F91-A72A-B0A54D9BEC45}.Debug|Any CPU.Build.0 = Debug|Any CPU
		{5A87E93E-1CA6-4F91-A72A-B0A54D9BEC45}.Release|Any CPU.ActiveCfg = Release|Any CPU
		{5A87E93E-1CA6-4F91-A72A-B0A54D9BEC45}.Release|Any CPU.Build.0 = Release|Any CPU
		{20F36388-4221-4F0E-B189-43D52529372F}.Debug|Any CPU.ActiveCfg = Debug|Any CPU
		{20F36388-4221-4F0E-B189-43D52529372F}.Debug|Any CPU.Build.0 = Debug|Any CPU
		{20F36388-4221-4F0E-B189-43D52529372F}.Release|Any CPU.ActiveCfg = Release|Any CPU
		{20F36388-4221-4F0E-B189-43D52529372F}.Release|Any CPU.Build.0 = Release|Any CPU
		{0A033A3A-9EC0-4BB3-A6AD-57A39DC30328}.Debug|Any CPU.ActiveCfg = Debug|Any CPU
		{0A033A3A-9EC0-4BB3-A6AD-57A39DC30328}.Debug|Any CPU.Build.0 = Debug|Any CPU
		{0A033A3A-9EC0-4BB3-A6AD-57A39DC30328}.Release|Any CPU.ActiveCfg = Release|Any CPU
		{0A033A3A-9EC0-4BB3-A6AD-57A39DC30328}.Release|Any CPU.Build.0 = Release|Any CPU
	EndGlobalSection
	GlobalSection(SolutionProperties) = preSolution
		HideSolutionNode = FALSE
	EndGlobalSection
	GlobalSection(ExtensibilityGlobals) = postSolution
		SolutionGuid = {7404B5F1-A246-48B6-907C-EC2067F38462}
	EndGlobalSection
EndGlobal
